// !$*UTF8*$!
{
	archiveVersion = 1;
	classes = {
	};
	objectVersion = 46;
	objects = {

/* Begin PBXBuildFile section */
		DE12F9391C70E5F700D97F0E /* AppDelegate.swift in Sources */ = {isa = PBXBuildFile; fileRef = DE12F9381C70E5F700D97F0E /* AppDelegate.swift */; };
		DE12F93B1C70E5F700D97F0E /* ViewController.swift in Sources */ = {isa = PBXBuildFile; fileRef = DE12F93A1C70E5F700D97F0E /* ViewController.swift */; };
		DE12F93E1C70E5F700D97F0E /* Main.storyboard in Resources */ = {isa = PBXBuildFile; fileRef = DE12F93C1C70E5F700D97F0E /* Main.storyboard */; };
		DE12F9411C70E5F700D97F0E /* trustie.xcdatamodeld in Sources */ = {isa = PBXBuildFile; fileRef = DE12F93F1C70E5F700D97F0E /* trustie.xcdatamodeld */; };
		DE12F9431C70E5F700D97F0E /* Assets.xcassets in Resources */ = {isa = PBXBuildFile; fileRef = DE12F9421C70E5F700D97F0E /* Assets.xcassets */; };
		DE12F9461C70E5F700D97F0E /* LaunchScreen.storyboard in Resources */ = {isa = PBXBuildFile; fileRef = DE12F9441C70E5F700D97F0E /* LaunchScreen.storyboard */; };
/* End PBXBuildFile section */

/* Begin PBXFileReference section */
		DE12F9351C70E5F700D97F0E /* trustie.app */ = {isa = PBXFileReference; explicitFileType = wrapper.application; includeInIndex = 0; path = trustie.app; sourceTree = BUILT_PRODUCTS_DIR; };
		DE12F9381C70E5F700D97F0E /* AppDelegate.swift */ = {isa = PBXFileReference; lastKnownFileType = sourcecode.swift; path = AppDelegate.swift; sourceTree = "<group>"; };
		DE12F93A1C70E5F700D97F0E /* ViewController.swift */ = {isa = PBXFileReference; lastKnownFileType = sourcecode.swift; path = ViewController.swift; sourceTree = "<group>"; };
		DE12F93D1C70E5F700D97F0E /* Base */ = {isa = PBXFileReference; lastKnownFileType = file.storyboard; name = Base; path = Base.lproj/Main.storyboard; sourceTree = "<group>"; };
		DE12F9401C70E5F700D97F0E /* trustie.xcdatamodel */ = {isa = PBXFileReference; lastKnownFileType = wrapper.xcdatamodel; path = trustie.xcdatamodel; sourceTree = "<group>"; };
		DE12F9421C70E5F700D97F0E /* Assets.xcassets */ = {isa = PBXFileReference; lastKnownFileType = folder.assetcatalog; path = Assets.xcassets; sourceTree = "<group>"; };
		DE12F9451C70E5F700D97F0E /* Base */ = {isa = PBXFileReference; lastKnownFileType = file.storyboard; name = Base; path = Base.lproj/LaunchScreen.storyboard; sourceTree = "<group>"; };
		DE12F9471C70E5F700D97F0E /* Info.plist */ = {isa = PBXFileReference; lastKnownFileType = text.plist.xml; path = Info.plist; sourceTree = "<group>"; };
/* End PBXFileReference section */

/* Begin PBXFrameworksBuildPhase section */
		DE12F9321C70E5F700D97F0E /* Frameworks */ = {
			isa = PBXFrameworksBuildPhase;
			buildActionMask = 2147483647;
			files = (
			);
			runOnlyForDeploymentPostprocessing = 0;
		};
/* End PBXFrameworksBuildPhase section */

/* Begin PBXGroup section */
		DE12F92C1C70E5F700D97F0E = {
			isa = PBXGroup;
			children = (
				DE12F9371C70E5F700D97F0E /* trustie */,
				DE12F9361C70E5F700D97F0E /* Products */,
			);
			sourceTree = "<group>";
		};
		DE12F9361C70E5F700D97F0E /* Products */ = {
			isa = PBXGroup;
			children = (
				DE12F9351C70E5F700D97F0E /* trustie.app */,
			);
			name = Products;
			sourceTree = "<group>";
		};
		DE12F9371C70E5F700D97F0E /* trustie */ = {
			isa = PBXGroup;
			children = (
				DE12F9381C70E5F700D97F0E /* AppDelegate.swift */,
				DE12F93A1C70E5F700D97F0E /* ViewController.swift */,
				DE12F93C1C70E5F700D97F0E /* Main.storyboard */,
				DE12F9421C70E5F700D97F0E /* Assets.xcassets */,
				DE12F9441C70E5F700D97F0E /* LaunchScreen.storyboard */,
				DE12F9471C70E5F700D97F0E /* Info.plist */,
				DE12F93F1C70E5F700D97F0E /* trustie.xcdatamodeld */,
			);
			path = trustie;
			sourceTree = "<group>";
		};
/* End PBXGroup section */

/* Begin PBXNativeTarget section */
		DE12F9341C70E5F700D97F0E /* trustie */ = {
			isa = PBXNativeTarget;
			buildConfigurationList = DE12F94A1C70E5F700D97F0E /* Build configuration list for PBXNativeTarget "trustie" */;
			buildPhases = (
				DE12F9311C70E5F700D97F0E /* Sources */,
				DE12F9321C70E5F700D97F0E /* Frameworks */,
				DE12F9331C70E5F700D97F0E /* Resources */,
			);
			buildRules = (
			);
			dependencies = (
			);
			name = trustie;
			productName = trustie;
			productReference = DE12F9351C70E5F700D97F0E /* trustie.app */;
			productType = "com.apple.product-type.application";
		};
/* End PBXNativeTarget section */

/* Begin PBXProject section */
		DE12F92D1C70E5F700D97F0E /* Project object */ = {
			isa = PBXProject;
			attributes = {
				LastSwiftUpdateCheck = 0720;
				LastUpgradeCheck = 0720;
				ORGANIZATIONNAME = "Chaos Elevators, Inc.";
				TargetAttributes = {
					DE12F9341C70E5F700D97F0E = {
						CreatedOnToolsVersion = 7.2.1;
						DevelopmentTeam = 7QKXT44X7G;
					};
				};
			};
			buildConfigurationList = DE12F9301C70E5F700D97F0E /* Build configuration list for PBXProject "trustie" */;
			compatibilityVersion = "Xcode 3.2";
			developmentRegion = English;
			hasScannedForEncodings = 0;
			knownRegions = (
				en,
				Base,
			);
			mainGroup = DE12F92C1C70E5F700D97F0E;
			productRefGroup = DE12F9361C70E5F700D97F0E /* Products */;
			projectDirPath = "";
			projectRoot = "";
			targets = (
				DE12F9341C70E5F700D97F0E /* trustie */,
			);
		};
/* End PBXProject section */

/* Begin PBXResourcesBuildPhase section */
		DE12F9331C70E5F700D97F0E /* Resources */ = {
			isa = PBXResourcesBuildPhase;
			buildActionMask = 2147483647;
			files = (
				DE12F9461C70E5F700D97F0E /* LaunchScreen.storyboard in Resources */,
				DE12F9431C70E5F700D97F0E /* Assets.xcassets in Resources */,
				DE12F93E1C70E5F700D97F0E /* Main.storyboard in Resources */,
			);
			runOnlyForDeploymentPostprocessing = 0;
		};
/* End PBXResourcesBuildPhase section */

/* Begin PBXSourcesBuildPhase section */
		DE12F9311C70E5F700D97F0E /* Sources */ = {
			isa = PBXSourcesBuildPhase;
			buildActionMask = 2147483647;
			files = (
				DE12F93B1C70E5F700D97F0E /* ViewController.swift in Sources */,
				DE12F9391C70E5F700D97F0E /* AppDelegate.swift in Sources */,
				DE12F9411C70E5F700D97F0E /* trustie.xcdatamodeld in Sources */,
			);
			runOnlyForDeploymentPostprocessing = 0;
		};
/* End PBXSourcesBuildPhase section */

/* Begin PBXVariantGroup section */
		DE12F93C1C70E5F700D97F0E /* Main.storyboard */ = {
			isa = PBXVariantGroup;
			children = (
				DE12F93D1C70E5F700D97F0E /* Base */,
			);
			name = Main.storyboard;
			sourceTree = "<group>";
		};
		DE12F9441C70E5F700D97F0E /* LaunchScreen.storyboard */ = {
			isa = PBXVariantGroup;
			children = (
				DE12F9451C70E5F700D97F0E /* Base */,
			);
			name = LaunchScreen.storyboard;
			sourceTree = "<group>";
		};
/* End PBXVariantGroup section */

/* Begin XCBuildConfiguration section */
		DE12F9481C70E5F700D97F0E /* Debug */ = {
			isa = XCBuildConfiguration;
			buildSettings = {
				ALWAYS_SEARCH_USER_PATHS = NO;
				CLANG_CXX_LANGUAGE_STANDARD = "gnu++0x";
				CLANG_CXX_LIBRARY = "libc++";
				CLANG_ENABLE_MODULES = YES;
				CLANG_ENABLE_OBJC_ARC = YES;
				CLANG_WARN_BOOL_CONVERSION = YES;
				CLANG_WARN_CONSTANT_CONVERSION = YES;
				CLANG_WARN_DIRECT_OBJC_ISA_USAGE = YES_ERROR;
				CLANG_WARN_EMPTY_BODY = YES;
				CLANG_WARN_ENUM_CONVERSION = YES;
				CLANG_WARN_INT_CONVERSION = YES;
				CLANG_WARN_OBJC_ROOT_CLASS = YES_ERROR;
				CLANG_WARN_UNREACHABLE_CODE = YES;
				CLANG_WARN__DUPLICATE_METHOD_MATCH = YES;
				"CODE_SIGN_IDENTITY[sdk=iphoneos*]" = "iPhone Developer";
				COPY_PHASE_STRIP = NO;
				DEBUG_INFORMATION_FORMAT = dwarf;
				ENABLE_STRICT_OBJC_MSGSEND = YES;
				ENABLE_TESTABILITY = YES;
				GCC_C_LANGUAGE_STANDARD = gnu99;
				GCC_DYNAMIC_NO_PIC = NO;
				GCC_NO_COMMON_BLOCKS = YES;
				GCC_OPTIMIZATION_LEVEL = 0;
				GCC_PREPROCESSOR_DEFINITIONS = (
					"DEBUG=1",
					"$(inherited)",
				);
				GCC_WARN_64_TO_32_BIT_CONVERSION = YES;
				GCC_WARN_ABOUT_RETURN_TYPE = YES_ERROR;
				GCC_WARN_UNDECLARED_SELECTOR = YES;
				GCC_WARN_UNINITIALIZED_AUTOS = YES_AGGRESSIVE;
				GCC_WARN_UNUSED_FUNCTION = YES;
				GCC_WARN_UNUSED_VARIABLE = YES;
				IPHONEOS_DEPLOYMENT_TARGET = 9.2;
				MTL_ENABLE_DEBUG_INFO = YES;
				ONLY_ACTIVE_ARCH = YES;
				SDKROOT = iphoneos;
				SWIFT_OPTIMIZATION_LEVEL = "-Onone";
			};
			name = Debug;
		};
		DE12F9491C70E5F700D97F0E /* Release */ = {
			isa = XCBuildConfiguration;
			buildSettings = {
				ALWAYS_SEARCH_USER_PATHS = NO;
				CLANG_CXX_LANGUAGE_STANDARD = "gnu++0x";
				CLANG_CXX_LIBRARY = "libc++";
				CLANG_ENABLE_MODULES = YES;
				CLANG_ENABLE_OBJC_ARC = YES;
				CLANG_WARN_BOOL_CONVERSION = YES;
				CLANG_WARN_CONSTANT_CONVERSION = YES;
				CLANG_WARN_DIRECT_OBJC_ISA_USAGE = YES_ERROR;
				CLANG_WARN_EMPTY_BODY = YES;
				CLANG_WARN_ENUM_CONVERSION = YES;
				CLANG_WARN_INT_CONVERSION = YES;
				CLANG_WARN_OBJC_ROOT_CLASS = YES_ERROR;
				CLANG_WARN_UNREACHABLE_CODE = YES;
				CLANG_WARN__DUPLICATE_METHOD_MATCH = YES;
				"CODE_SIGN_IDENTITY[sdk=iphoneos*]" = "iPhone Developer";
				COPY_PHASE_STRIP = NO;
				DEBUG_INFORMATION_FORMAT = "dwarf-with-dsym";
				ENABLE_NS_ASSERTIONS = NO;
				ENABLE_STRICT_OBJC_MSGSEND = YES;
				GCC_C_LANGUAGE_STANDARD = gnu99;
				GCC_NO_COMMON_BLOCKS = YES;
				GCC_WARN_64_TO_32_BIT_CONVERSION = YES;
				GCC_WARN_ABOUT_RETURN_TYPE = YES_ERROR;
				GCC_WARN_UNDECLARED_SELECTOR = YES;
				GCC_WARN_UNINITIALIZED_AUTOS = YES_AGGRESSIVE;
				GCC_WARN_UNUSED_FUNCTION = YES;
				GCC_WARN_UNUSED_VARIABLE = YES;
				IPHONEOS_DEPLOYMENT_TARGET = 9.2;
				MTL_ENABLE_DEBUG_INFO = NO;
				SDKROOT = iphoneos;
				VALIDATE_PRODUCT = YES;
			};
			name = Release;
		};
		DE12F94B1C70E5F700D97F0E /* Debug */ = {
			isa = XCBuildConfiguration;
			buildSettings = {
				ASSETCATALOG_COMPILER_APPICON_NAME = AppIcon;
				CODE_SIGN_IDENTITY = "iPhone Developer";
				INFOPLIST_FILE = trustie/Info.plist;
				LD_RUNPATH_SEARCH_PATHS = "$(inherited) @executable_path/Frameworks";
				PRODUCT_BUNDLE_IDENTIFIER = com.chaoselevators.trustie;
				PRODUCT_NAME = "$(TARGET_NAME)";
				PROVISIONING_PROFILE = "751b1602-13b0-4a4a-ae6e-267a2d62dfce";
			};
			name = Debug;
		};
		DE12F94C1C70E5F700D97F0E /* Release */ = {
			isa = XCBuildConfiguration;
			buildSettings = {
				ASSETCATALOG_COMPILER_APPICON_NAME = AppIcon;
				CODE_SIGN_IDENTITY = "iPhone Developer";
				INFOPLIST_FILE = trustie/Info.plist;
				LD_RUNPATH_SEARCH_PATHS = "$(inherited) @executable_path/Frameworks";
				PRODUCT_BUNDLE_IDENTIFIER = com.chaoselevators.trustie;
				PRODUCT_NAME = "$(TARGET_NAME)";
				PROVISIONING_PROFILE = "751b1602-13b0-4a4a-ae6e-267a2d62dfce";
			};
			name = Release;
		};
/* End XCBuildConfiguration section */

/* Begin XCConfigurationList section */
		DE12F9301C70E5F700D97F0E /* Build configuration list for PBXProject "trustie" */ = {
			isa = XCConfigurationList;
			buildConfigurations = (
				DE12F9481C70E5F700D97F0E /* Debug */,
				DE12F9491C70E5F700D97F0E /* Release */,
			);
			defaultConfigurationIsVisible = 0;
			defaultConfigurationName = Release;
		};
		DE12F94A1C70E5F700D97F0E /* Build configuration list for PBXNativeTarget "trustie" */ = {
			isa = XCConfigurationList;
			buildConfigurations = (
				DE12F94B1C70E5F700D97F0E /* Debug */,
				DE12F94C1C70E5F700D97F0E /* Release */,
			);
			defaultConfigurationIsVisible = 0;
			defaultConfigurationName = Release;
		};
/* End XCConfigurationList section */

/* Begin XCVersionGroup section */
		DE12F93F1C70E5F700D97F0E /* trustie.xcdatamodeld */ = {
			isa = XCVersionGroup;
			children = (
				DE12F9401C70E5F700D97F0E /* trustie.xcdatamodel */,
			);
			currentVersion = DE12F9401C70E5F700D97F0E /* trustie.xcdatamodel */;
			path = trustie.xcdatamodeld;
			sourceTree = "<group>";
			versionGroupType = wrapper.xcdatamodel;
		};
/* End XCVersionGroup section */
	};
	rootObject = DE12F92D1C70E5F700D97F0E /* Project object */;
}
